#
# Typosquat scenario -- "reqeusts" instead of "requests".
# Expected result: FAIL at Step 1 (lockfile validation) -- blocked package detected.
#
blinker==1.9.0 \
    --hash=sha256:b4ce2265a7abece45e7cc896e98870b1042f6b2f85bc8b5064a7a7d2d3b53e5e \
    --hash=sha256:ba0efaa9080b619ff2f3459d1d500c57bddea4a6b424b60a91141db6fd2f08bc
click==8.1.8 \
    --hash=sha256:63c132bbbed01578a06712a2d1f497571de7f2345c43b254268f5a88ac7d3498 \
    --hash=sha256:ed53c9d8990d83c2a27deae68e4ee337473f6330c040a31d4225c9574d16096a
flask==3.1.0 \
    --hash=sha256:5f873c5184c897c8d9d1b05df1e3d01b14910ce69607a117bd3277098a5c8e3 \
    --hash=sha256:77fd4e1249d8c9923de34907236b747ced06e5467ecac1a7bb7115ae0e796b42
gunicorn==22.0.0 \
    --hash=sha256:350679f91b24062c86e386e198a15438d53a7a8207235a78ba1b53df4c4378d9 \
    --hash=sha256:4a0b436239ff76fb33f11c07a16482c521a7e09c1ce3cc293c2330afe01bec63
reqeusts==1.0.0 \
    --hash=sha256:0000000000000000000000000000000000000000000000000000000000000000
jinja2==3.1.5 \
    --hash=sha256:8fefff8dc3034e27bb80d67c671eb4a9c735c12917d11c22e74b85ec3073b300 \
    --hash=sha256:aba0f4dc9ed8013c424088f68a5c226f7d6097ed89b246d7749c2ec4175c6adb
markupsafe==2.1.5 \
    --hash=sha256:d283d37a890ba4c1ae73ffadf8046435c76e7bc2247bbb63c00bd1a709c6544b \
    --hash=sha256:e3c0d844ba4e14ce26b12d9e52d3f3bc702af26cfb1e4a6e56e17a4d0ef8daaf
itsdangerous==2.2.0 \
    --hash=sha256:c6242fc49e35958c8b15141343aa660db5fc54d4f13a1db01a3f5891b98700ef \
    --hash=sha256:e0050c0b7da1eea53ffaf149c0cfbb5c6e2e2b69c4bef22c81fa6eb73e5f6173
werkzeug==3.1.3 \
    --hash=sha256:54b78bf3716d19a65be4fceccc0d1d7b89e608834989dfae50ea87564639213e \
    --hash=sha256:60723ce945c19328679790e3282cc758aa4a6040e4bb1a6f0bb2e7a1a52b78d3
